
Microsoft Visual Studio Solution File, Format Version 12.00
# Visual Studio Version 17
VisualStudioVersion = 17.7.34221.43
MinimumVisualStudioVersion = 10.0.40219.1
Project("{9A19103F-16F7-4668-BE54-9A1E7A4F7556}") = "Field", "Fields\Field.csproj", "{5DD44E5F-41A2-4C70-A823-322551293306}"
EndProject
Project("{9A19103F-16F7-4668-BE54-9A1E7A4F7556}") = "InstanceMethods", "Methods\InstanceMethods.csproj", "{DD8D1CD9-75F0-4657-ACB5-88B88459328F}"
EndProject
Project("{9A19103F-16F7-4668-BE54-9A1E7A4F7556}") = "Encapsulation", "Encapsulation\Encapsulation.csproj", "{A543723A-BE7A-44D6-8D20-53E993ABA7ED}"
EndProject
Project("{9A19103F-16F7-4668-BE54-9A1E7A4F7556}") = "StaticMethod", "StaticMethod\StaticMethod.csproj", "{2841DEE8-0A8F-4672-AB45-FB3CC5F6DE09}"
EndProject
Project("{9A19103F-16F7-4668-BE54-9A1E7A4F7556}") = "Arguments", "ObjectInParameter\Arguments.csproj", "{017BA484-EBC5-4D5D-B2AB-EC3E1BAA31C0}"
EndProject
Project("{9A19103F-16F7-4668-BE54-9A1E7A4F7556}") = "TypeConversion", "TypeConversion\TypeConversion.csproj", "{91458332-0692-46E5-9D13-C1C8D51E230D}"
EndProject
Project("{2150E333-8FDC-42A3-9474-1A3956D46DE8}") = "Methods", "Methods", "{90D082F5-647E-4EF4-8CF0-CCB465376D92}"
EndProject
Project("{2150E333-8FDC-42A3-9474-1A3956D46DE8}") = "Encapsulation", "Encapsulation", "{9E6765F4-50F6-446F-AFA9-1E829C10EAD9}"
EndProject
Project("{2150E333-8FDC-42A3-9474-1A3956D46DE8}") = "Fields", "Fields", "{D60725BB-134E-4CCB-A714-36E9A299A27D}"
EndProject
Project("{2150E333-8FDC-42A3-9474-1A3956D46DE8}") = "Arguments", "Arguments", "{42762350-DE88-4D9E-B6CC-BAB081DA0080}"
EndProject
Project("{2150E333-8FDC-42A3-9474-1A3956D46DE8}") = "Type Conversion", "Type Conversion", "{92029A87-718D-4BBB-9BB5-8AA65B76C2E6}"
EndProject
Project("{2150E333-8FDC-42A3-9474-1A3956D46DE8}") = "Constructors", "Constructors", "{472B203B-8EC0-4EF7-9E05-E83368793467}"
EndProject
Project("{9A19103F-16F7-4668-BE54-9A1E7A4F7556}") = "InstanceConstructors", "Constructors\InstanceConstructors.csproj", "{F059894D-941F-4D0F-A3ED-82529CE62779}"
EndProject
Project("{9A19103F-16F7-4668-BE54-9A1E7A4F7556}") = "StaticConstructor", "StaticConstructor\StaticConstructor.csproj", "{94F1F685-D695-4F11-A7FF-08BBB27FA15B}"
EndProject
Project("{9A19103F-16F7-4668-BE54-9A1E7A4F7556}") = "ObjectInitializer", "ObjectInitializer\ObjectInitializer.csproj", "{EFBB7828-E28C-4D9D-A174-3E0C0248128A}"
EndProject
Project("{2150E333-8FDC-42A3-9474-1A3956D46DE8}") = "Inheritance", "Inheritance", "{FAE40317-B757-4DF2-8EFF-FA682417157E}"
EndProject
Project("{9A19103F-16F7-4668-BE54-9A1E7A4F7556}") = "Inheritance", "Inheritance\Inheritance.csproj", "{78E0F0BD-34DF-4738-AA28-66CBEC431B58}"
EndProject
Project("{9A19103F-16F7-4668-BE54-9A1E7A4F7556}") = "ConstructorInheritance", "ConstructorInheritance\ConstructorInheritance.csproj", "{E27ABA14-276D-4382-A15E-AAE6FC0B6455}"
EndProject
Project("{9A19103F-16F7-4668-BE54-9A1E7A4F7556}") = "MethodHiding", "MethodHiding\MethodHiding.csproj", "{43E8828D-2B21-4823-8A74-56F411BB0565}"
EndProject
Project("{9A19103F-16F7-4668-BE54-9A1E7A4F7556}") = "MethodOverriding", "MethodOverriding\MethodOverriding.csproj", "{E65563A8-09F2-4B15-8F80-D331B38EA976}"
EndProject
Project("{2150E333-8FDC-42A3-9474-1A3956D46DE8}") = "Abstraction", "Abstraction", "{FBAF9EDF-3732-431C-A868-566CFBCEC597}"
EndProject
Project("{9A19103F-16F7-4668-BE54-9A1E7A4F7556}") = "AbstractClass", "AbstractClass\AbstractClass.csproj", "{ADEB8A46-63E8-47BF-BC44-CB2C0CE1207B}"
EndProject
Project("{2150E333-8FDC-42A3-9474-1A3956D46DE8}") = "Interface", "Interface", "{B50BFF58-3B8A-4D1D-8B4B-044C7B0D9846}"
EndProject
Project("{9A19103F-16F7-4668-BE54-9A1E7A4F7556}") = "Interface", "Interface\Interface.csproj", "{AC6D4E87-4912-42EB-9CAF-D8A13D144775}"
EndProject
Project("{9A19103F-16F7-4668-BE54-9A1E7A4F7556}") = "Classes & Objects", "Classes & Objects\Classes & Objects\Classes & Objects.csproj", "{E6DE2AFA-C208-401C-A5F7-D1E156D63833}"
EndProject
Project("{2150E333-8FDC-42A3-9474-1A3956D46DE8}") = "Classes&Objects", "Classes&Objects", "{6FFE98EC-8202-4BAE-991B-0F607500FE3A}"
EndProject
Project("{9A19103F-16F7-4668-BE54-9A1E7A4F7556}") = "CustomerClass", "Classes & Objects\CustomerClass\CustomerClass.csproj", "{A5228D8D-4A21-4940-BC6A-8B0B1B18434C}"
EndProject
Project("{2150E333-8FDC-42A3-9474-1A3956D46DE8}") = "Operators", "Operators", "{4E59B59C-5DB6-4260-B6E1-A0F2798A60F0}"
EndProject
Project("{9A19103F-16F7-4668-BE54-9A1E7A4F7556}") = "Operators", "Operators\Operators.csproj", "{3202FA32-44FC-4947-9D14-BFB1FA0C593E}"
EndProject
Project("{2150E333-8FDC-42A3-9474-1A3956D46DE8}") = "Structures", "Structures", "{D19F062E-FE4E-43A9-803A-2D96293670E7}"
EndProject
Project("{FAE04EC0-301F-11D3-BF4B-00C04F79EFBC}") = "Structures", "Structures\Structures.csproj", "{DAFED864-7BE5-4A44-A3D1-ED3FF187EF06}"
EndProject
Project("{2150E333-8FDC-42A3-9474-1A3956D46DE8}") = "Partial Class", "Partial Class", "{8EC50D3D-9812-4D4C-9E34-A7A353871F3B}"
EndProject
Project("{FAE04EC0-301F-11D3-BF4B-00C04F79EFBC}") = "PartialClass", "PartialClass\PartialClass.csproj", "{CA07D1C7-5B63-4DDA-B86A-7F7F2F853C16}"
EndProject
Project("{2150E333-8FDC-42A3-9474-1A3956D46DE8}") = "Enumeration", "Enumeration", "{AA8F14EA-407B-4412-9438-46AD18D4B85E}"
EndProject
Project("{FAE04EC0-301F-11D3-BF4B-00C04F79EFBC}") = "Enumeration", "Enumeration\Enumeration.csproj", "{1E1247F2-5648-444F-82B4-A3CA7FB11B2B}"
EndProject
Global
	GlobalSection(SolutionConfigurationPlatforms) = preSolution
		Debug|Any CPU = Debug|Any CPU
		Release|Any CPU = Release|Any CPU
	EndGlobalSection
	GlobalSection(ProjectConfigurationPlatforms) = postSolution
		{5DD44E5F-41A2-4C70-A823-322551293306}.Debug|Any CPU.ActiveCfg = Debug|Any CPU
		{5DD44E5F-41A2-4C70-A823-322551293306}.Debug|Any CPU.Build.0 = Debug|Any CPU
		{5DD44E5F-41A2-4C70-A823-322551293306}.Release|Any CPU.ActiveCfg = Release|Any CPU
		{5DD44E5F-41A2-4C70-A823-322551293306}.Release|Any CPU.Build.0 = Release|Any CPU
		{DD8D1CD9-75F0-4657-ACB5-88B88459328F}.Debug|Any CPU.ActiveCfg = Debug|Any CPU
		{DD8D1CD9-75F0-4657-ACB5-88B88459328F}.Debug|Any CPU.Build.0 = Debug|Any CPU
		{DD8D1CD9-75F0-4657-ACB5-88B88459328F}.Release|Any CPU.ActiveCfg = Release|Any CPU
		{DD8D1CD9-75F0-4657-ACB5-88B88459328F}.Release|Any CPU.Build.0 = Release|Any CPU
		{A543723A-BE7A-44D6-8D20-53E993ABA7ED}.Debug|Any CPU.ActiveCfg = Debug|Any CPU
		{A543723A-BE7A-44D6-8D20-53E993ABA7ED}.Debug|Any CPU.Build.0 = Debug|Any CPU
		{A543723A-BE7A-44D6-8D20-53E993ABA7ED}.Release|Any CPU.ActiveCfg = Release|Any CPU
		{A543723A-BE7A-44D6-8D20-53E993ABA7ED}.Release|Any CPU.Build.0 = Release|Any CPU
		{2841DEE8-0A8F-4672-AB45-FB3CC5F6DE09}.Debug|Any CPU.ActiveCfg = Debug|Any CPU
		{2841DEE8-0A8F-4672-AB45-FB3CC5F6DE09}.Debug|Any CPU.Build.0 = Debug|Any CPU
		{2841DEE8-0A8F-4672-AB45-FB3CC5F6DE09}.Release|Any CPU.ActiveCfg = Release|Any CPU
		{2841DEE8-0A8F-4672-AB45-FB3CC5F6DE09}.Release|Any CPU.Build.0 = Release|Any CPU
		{017BA484-EBC5-4D5D-B2AB-EC3E1BAA31C0}.Debug|Any CPU.ActiveCfg = Debug|Any CPU
		{017BA484-EBC5-4D5D-B2AB-EC3E1BAA31C0}.Debug|Any CPU.Build.0 = Debug|Any CPU
		{017BA484-EBC5-4D5D-B2AB-EC3E1BAA31C0}.Release|Any CPU.ActiveCfg = Release|Any CPU
		{017BA484-EBC5-4D5D-B2AB-EC3E1BAA31C0}.Release|Any CPU.Build.0 = Release|Any CPU
		{91458332-0692-46E5-9D13-C1C8D51E230D}.Debug|Any CPU.ActiveCfg = Debug|Any CPU
		{91458332-0692-46E5-9D13-C1C8D51E230D}.Debug|Any CPU.Build.0 = Debug|Any CPU
		{91458332-0692-46E5-9D13-C1C8D51E230D}.Release|Any CPU.ActiveCfg = Release|Any CPU
		{91458332-0692-46E5-9D13-C1C8D51E230D}.Release|Any CPU.Build.0 = Release|Any CPU
		{F059894D-941F-4D0F-A3ED-82529CE62779}.Debug|Any CPU.ActiveCfg = Debug|Any CPU
		{F059894D-941F-4D0F-A3ED-82529CE62779}.Debug|Any CPU.Build.0 = Debug|Any CPU
		{F059894D-941F-4D0F-A3ED-82529CE62779}.Release|Any CPU.ActiveCfg = Release|Any CPU
		{F059894D-941F-4D0F-A3ED-82529CE62779}.Release|Any CPU.Build.0 = Release|Any CPU
		{94F1F685-D695-4F11-A7FF-08BBB27FA15B}.Debug|Any CPU.ActiveCfg = Debug|Any CPU
		{94F1F685-D695-4F11-A7FF-08BBB27FA15B}.Debug|Any CPU.Build.0 = Debug|Any CPU
		{94F1F685-D695-4F11-A7FF-08BBB27FA15B}.Release|Any CPU.ActiveCfg = Release|Any CPU
		{94F1F685-D695-4F11-A7FF-08BBB27FA15B}.Release|Any CPU.Build.0 = Release|Any CPU
		{EFBB7828-E28C-4D9D-A174-3E0C0248128A}.Debug|Any CPU.ActiveCfg = Debug|Any CPU
		{EFBB7828-E28C-4D9D-A174-3E0C0248128A}.Debug|Any CPU.Build.0 = Debug|Any CPU
		{EFBB7828-E28C-4D9D-A174-3E0C0248128A}.Release|Any CPU.ActiveCfg = Release|Any CPU
		{EFBB7828-E28C-4D9D-A174-3E0C0248128A}.Release|Any CPU.Build.0 = Release|Any CPU
		{78E0F0BD-34DF-4738-AA28-66CBEC431B58}.Debug|Any CPU.ActiveCfg = Debug|Any CPU
		{78E0F0BD-34DF-4738-AA28-66CBEC431B58}.Debug|Any CPU.Build.0 = Debug|Any CPU
		{78E0F0BD-34DF-4738-AA28-66CBEC431B58}.Release|Any CPU.ActiveCfg = Release|Any CPU
		{78E0F0BD-34DF-4738-AA28-66CBEC431B58}.Release|Any CPU.Build.0 = Release|Any CPU
		{E27ABA14-276D-4382-A15E-AAE6FC0B6455}.Debug|Any CPU.ActiveCfg = Debug|Any CPU
		{E27ABA14-276D-4382-A15E-AAE6FC0B6455}.Debug|Any CPU.Build.0 = Debug|Any CPU
		{E27ABA14-276D-4382-A15E-AAE6FC0B6455}.Release|Any CPU.ActiveCfg = Release|Any CPU
		{E27ABA14-276D-4382-A15E-AAE6FC0B6455}.Release|Any CPU.Build.0 = Release|Any CPU
		{43E8828D-2B21-4823-8A74-56F411BB0565}.Debug|Any CPU.ActiveCfg = Debug|Any CPU
		{43E8828D-2B21-4823-8A74-56F411BB0565}.Debug|Any CPU.Build.0 = Debug|Any CPU
		{43E8828D-2B21-4823-8A74-56F411BB0565}.Release|Any CPU.ActiveCfg = Release|Any CPU
		{43E8828D-2B21-4823-8A74-56F411BB0565}.Release|Any CPU.Build.0 = Release|Any CPU
		{E65563A8-09F2-4B15-8F80-D331B38EA976}.Debug|Any CPU.ActiveCfg = Debug|Any CPU
		{E65563A8-09F2-4B15-8F80-D331B38EA976}.Debug|Any CPU.Build.0 = Debug|Any CPU
		{E65563A8-09F2-4B15-8F80-D331B38EA976}.Release|Any CPU.ActiveCfg = Release|Any CPU
		{E65563A8-09F2-4B15-8F80-D331B38EA976}.Release|Any CPU.Build.0 = Release|Any CPU
		{ADEB8A46-63E8-47BF-BC44-CB2C0CE1207B}.Debug|Any CPU.ActiveCfg = Debug|Any CPU
		{ADEB8A46-63E8-47BF-BC44-CB2C0CE1207B}.Debug|Any CPU.Build.0 = Debug|Any CPU
		{ADEB8A46-63E8-47BF-BC44-CB2C0CE1207B}.Release|Any CPU.ActiveCfg = Release|Any CPU
		{ADEB8A46-63E8-47BF-BC44-CB2C0CE1207B}.Release|Any CPU.Build.0 = Release|Any CPU
		{AC6D4E87-4912-42EB-9CAF-D8A13D144775}.Debug|Any CPU.ActiveCfg = Debug|Any CPU
		{AC6D4E87-4912-42EB-9CAF-D8A13D144775}.Debug|Any CPU.Build.0 = Debug|Any CPU
		{AC6D4E87-4912-42EB-9CAF-D8A13D144775}.Release|Any CPU.ActiveCfg = Release|Any CPU
		{AC6D4E87-4912-42EB-9CAF-D8A13D144775}.Release|Any CPU.Build.0 = Release|Any CPU
		{E6DE2AFA-C208-401C-A5F7-D1E156D63833}.Debug|Any CPU.ActiveCfg = Debug|Any CPU
		{E6DE2AFA-C208-401C-A5F7-D1E156D63833}.Debug|Any CPU.Build.0 = Debug|Any CPU
		{E6DE2AFA-C208-401C-A5F7-D1E156D63833}.Release|Any CPU.ActiveCfg = Release|Any CPU
		{E6DE2AFA-C208-401C-A5F7-D1E156D63833}.Release|Any CPU.Build.0 = Release|Any CPU
		{A5228D8D-4A21-4940-BC6A-8B0B1B18434C}.Debug|Any CPU.ActiveCfg = Debug|Any CPU
		{A5228D8D-4A21-4940-BC6A-8B0B1B18434C}.Debug|Any CPU.Build.0 = Debug|Any CPU
		{A5228D8D-4A21-4940-BC6A-8B0B1B18434C}.Release|Any CPU.ActiveCfg = Release|Any CPU
		{A5228D8D-4A21-4940-BC6A-8B0B1B18434C}.Release|Any CPU.Build.0 = Release|Any CPU
		{3202FA32-44FC-4947-9D14-BFB1FA0C593E}.Debug|Any CPU.ActiveCfg = Debug|Any CPU
		{3202FA32-44FC-4947-9D14-BFB1FA0C593E}.Debug|Any CPU.Build.0 = Debug|Any CPU
		{3202FA32-44FC-4947-9D14-BFB1FA0C593E}.Release|Any CPU.ActiveCfg = Release|Any CPU
		{3202FA32-44FC-4947-9D14-BFB1FA0C593E}.Release|Any CPU.Build.0 = Release|Any CPU
		{DAFED864-7BE5-4A44-A3D1-ED3FF187EF06}.Debug|Any CPU.ActiveCfg = Debug|Any CPU
		{DAFED864-7BE5-4A44-A3D1-ED3FF187EF06}.Debug|Any CPU.Build.0 = Debug|Any CPU
		{DAFED864-7BE5-4A44-A3D1-ED3FF187EF06}.Release|Any CPU.ActiveCfg = Release|Any CPU
		{DAFED864-7BE5-4A44-A3D1-ED3FF187EF06}.Release|Any CPU.Build.0 = Release|Any CPU
		{CA07D1C7-5B63-4DDA-B86A-7F7F2F853C16}.Debug|Any CPU.ActiveCfg = Debug|Any CPU
		{CA07D1C7-5B63-4DDA-B86A-7F7F2F853C16}.Debug|Any CPU.Build.0 = Debug|Any CPU
		{CA07D1C7-5B63-4DDA-B86A-7F7F2F853C16}.Release|Any CPU.ActiveCfg = Release|Any CPU
		{CA07D1C7-5B63-4DDA-B86A-7F7F2F853C16}.Release|Any CPU.Build.0 = Release|Any CPU
		{1E1247F2-5648-444F-82B4-A3CA7FB11B2B}.Debug|Any CPU.ActiveCfg = Debug|Any CPU
		{1E1247F2-5648-444F-82B4-A3CA7FB11B2B}.Debug|Any CPU.Build.0 = Debug|Any CPU
		{1E1247F2-5648-444F-82B4-A3CA7FB11B2B}.Release|Any CPU.ActiveCfg = Release|Any CPU
		{1E1247F2-5648-444F-82B4-A3CA7FB11B2B}.Release|Any CPU.Build.0 = Release|Any CPU
	EndGlobalSection
	GlobalSection(SolutionProperties) = preSolution
		HideSolutionNode = FALSE
	EndGlobalSection
	GlobalSection(NestedProjects) = preSolution
		{5DD44E5F-41A2-4C70-A823-322551293306} = {D60725BB-134E-4CCB-A714-36E9A299A27D}
		{DD8D1CD9-75F0-4657-ACB5-88B88459328F} = {90D082F5-647E-4EF4-8CF0-CCB465376D92}
		{A543723A-BE7A-44D6-8D20-53E993ABA7ED} = {9E6765F4-50F6-446F-AFA9-1E829C10EAD9}
		{2841DEE8-0A8F-4672-AB45-FB3CC5F6DE09} = {90D082F5-647E-4EF4-8CF0-CCB465376D92}
		{017BA484-EBC5-4D5D-B2AB-EC3E1BAA31C0} = {42762350-DE88-4D9E-B6CC-BAB081DA0080}
		{91458332-0692-46E5-9D13-C1C8D51E230D} = {92029A87-718D-4BBB-9BB5-8AA65B76C2E6}
		{F059894D-941F-4D0F-A3ED-82529CE62779} = {472B203B-8EC0-4EF7-9E05-E83368793467}
		{94F1F685-D695-4F11-A7FF-08BBB27FA15B} = {472B203B-8EC0-4EF7-9E05-E83368793467}
		{EFBB7828-E28C-4D9D-A174-3E0C0248128A} = {472B203B-8EC0-4EF7-9E05-E83368793467}
		{78E0F0BD-34DF-4738-AA28-66CBEC431B58} = {FAE40317-B757-4DF2-8EFF-FA682417157E}
		{E27ABA14-276D-4382-A15E-AAE6FC0B6455} = {FAE40317-B757-4DF2-8EFF-FA682417157E}
		{43E8828D-2B21-4823-8A74-56F411BB0565} = {FAE40317-B757-4DF2-8EFF-FA682417157E}
		{E65563A8-09F2-4B15-8F80-D331B38EA976} = {FAE40317-B757-4DF2-8EFF-FA682417157E}
		{ADEB8A46-63E8-47BF-BC44-CB2C0CE1207B} = {FBAF9EDF-3732-431C-A868-566CFBCEC597}
		{AC6D4E87-4912-42EB-9CAF-D8A13D144775} = {B50BFF58-3B8A-4D1D-8B4B-044C7B0D9846}
		{E6DE2AFA-C208-401C-A5F7-D1E156D63833} = {6FFE98EC-8202-4BAE-991B-0F607500FE3A}
		{A5228D8D-4A21-4940-BC6A-8B0B1B18434C} = {6FFE98EC-8202-4BAE-991B-0F607500FE3A}
		{3202FA32-44FC-4947-9D14-BFB1FA0C593E} = {4E59B59C-5DB6-4260-B6E1-A0F2798A60F0}
		{DAFED864-7BE5-4A44-A3D1-ED3FF187EF06} = {D19F062E-FE4E-43A9-803A-2D96293670E7}
		{CA07D1C7-5B63-4DDA-B86A-7F7F2F853C16} = {8EC50D3D-9812-4D4C-9E34-A7A353871F3B}
		{1E1247F2-5648-444F-82B4-A3CA7FB11B2B} = {AA8F14EA-407B-4412-9438-46AD18D4B85E}
	EndGlobalSection
	GlobalSection(ExtensibilityGlobals) = postSolution
		SolutionGuid = {F536554E-B31D-4299-BD90-6B9A3306D20C}
	EndGlobalSection
EndGlobal
